
Microsoft Visual Studio Solution File, Format Version 12.00
# Visual Studio Version 17
VisualStudioVersion = 17.0.32002.185
MinimumVisualStudioVersion = 10.0.40219.1
Project("{FAE04EC0-301F-11D3-BF4B-00C04F79EFBC}") = "MazeGeneratorApi", "MazeGeneratorApi\MazeGeneratorApi.csproj", "{8DB80747-6D87-4C82-BD79-378C2D7EFEEF}"
EndProject
Global
	GlobalSection(SolutionConfigurationPlatforms) = preSolution
		Debug|Any CPU = Debug|Any CPU
		Release|Any CPU = Release|Any CPU
	EndGlobalSection
	GlobalSection(ProjectConfigurationPlatforms) = postSolution
		{8DB80747-6D87-4C82-BD79-378C2D7EFEEF}.Debug|Any CPU.ActiveCfg = Debug|Any CPU
		{8DB80747-6D87-4C82-BD79-378C2D7EFEEF}.Debug|Any CPU.Build.0 = Debug|Any CPU
		{8DB80747-6D87-4C82-BD79-378C2D7EFEEF}.Release|Any CPU.ActiveCfg = Release|Any CPU
		{8DB80747-6D87-4C82-BD79-378C2D7EFEEF}.Release|Any CPU.Build.0 = Release|Any CPU
	EndGlobalSection
	GlobalSection(SolutionProperties) = preSolution
		HideSolutionNode = FALSE
	EndGlobalSection
	GlobalSection(ExtensibilityGlobals) = postSolution
		SolutionGuid = {BC39B08A-7264-4C75-94A9-77986AEE49F6}
	EndGlobalSection
EndGlobal
